
Microsoft Visual Studio Solution File, Format Version 12.00
# Visual Studio 15
VisualStudioVersion = 15.0.28307.421
MinimumVisualStudioVersion = 10.0.40219.1
Project("{FAE04EC0-301F-11D3-BF4B-00C04F79EFBC}") = "WebApiExample.UI", "WebApiExample.UI\WebApiExample.UI.csproj", "{3B4C3B81-D1A9-4F8E-9AEF-599184818083}"
EndProject
Project("{FAE04EC0-301F-11D3-BF4B-00C04F79EFBC}") = "WebApiExample.Entities", "WebApiExample.Entities\WebApiExample.Entities.csproj", "{6D607D4F-597E-4F40-A85D-CA731FBD1260}"
EndProject
Project("{FAE04EC0-301F-11D3-BF4B-00C04F79EFBC}") = "WebApiExample.DAL", "WebApiExample.DAL\WebApiExample.DAL.csproj", "{84A3D30B-F568-4B24-B36F-799526CBAB39}"
EndProject
Project("{FAE04EC0-301F-11D3-BF4B-00C04F79EFBC}") = "WebApiExample.BLL", "WebApiExample.BLL\WebApiExample.BLL.csproj", "{7492B72F-E7EE-4025-8E3B-96301636579B}"
EndProject
Project("{FAE04EC0-301F-11D3-BF4B-00C04F79EFBC}") = "WebApiExample.Api", "WebApiExample.Api\WebApiExample.Api.csproj", "{A8470D4B-53E2-49DE-AF1F-A52DCDE51A20}"
EndProject
Global
	GlobalSection(SolutionConfigurationPlatforms) = preSolution
		Debug|Any CPU = Debug|Any CPU
		Release|Any CPU = Release|Any CPU
	EndGlobalSection
	GlobalSection(ProjectConfigurationPlatforms) = postSolution
		{3B4C3B81-D1A9-4F8E-9AEF-599184818083}.Debug|Any CPU.ActiveCfg = Debug|Any CPU
		{3B4C3B81-D1A9-4F8E-9AEF-599184818083}.Debug|Any CPU.Build.0 = Debug|Any CPU
		{3B4C3B81-D1A9-4F8E-9AEF-599184818083}.Release|Any CPU.ActiveCfg = Release|Any CPU
		{3B4C3B81-D1A9-4F8E-9AEF-599184818083}.Release|Any CPU.Build.0 = Release|Any CPU
		{6D607D4F-597E-4F40-A85D-CA731FBD1260}.Debug|Any CPU.ActiveCfg = Debug|Any CPU
		{6D607D4F-597E-4F40-A85D-CA731FBD1260}.Debug|Any CPU.Build.0 = Debug|Any CPU
		{6D607D4F-597E-4F40-A85D-CA731FBD1260}.Release|Any CPU.ActiveCfg = Release|Any CPU
		{6D607D4F-597E-4F40-A85D-CA731FBD1260}.Release|Any CPU.Build.0 = Release|Any CPU
		{84A3D30B-F568-4B24-B36F-799526CBAB39}.Debug|Any CPU.ActiveCfg = Debug|Any CPU
		{84A3D30B-F568-4B24-B36F-799526CBAB39}.Debug|Any CPU.Build.0 = Debug|Any CPU
		{84A3D30B-F568-4B24-B36F-799526CBAB39}.Release|Any CPU.ActiveCfg = Release|Any CPU
		{84A3D30B-F568-4B24-B36F-799526CBAB39}.Release|Any CPU.Build.0 = Release|Any CPU
		{7492B72F-E7EE-4025-8E3B-96301636579B}.Debug|Any CPU.ActiveCfg = Debug|Any CPU
		{7492B72F-E7EE-4025-8E3B-96301636579B}.Debug|Any CPU.Build.0 = Debug|Any CPU
		{7492B72F-E7EE-4025-8E3B-96301636579B}.Release|Any CPU.ActiveCfg = Release|Any CPU
		{7492B72F-E7EE-4025-8E3B-96301636579B}.Release|Any CPU.Build.0 = Release|Any CPU
		{A8470D4B-53E2-49DE-AF1F-A52DCDE51A20}.Debug|Any CPU.ActiveCfg = Debug|Any CPU
		{A8470D4B-53E2-49DE-AF1F-A52DCDE51A20}.Debug|Any CPU.Build.0 = Debug|Any CPU
		{A8470D4B-53E2-49DE-AF1F-A52DCDE51A20}.Release|Any CPU.ActiveCfg = Release|Any CPU
		{A8470D4B-53E2-49DE-AF1F-A52DCDE51A20}.Release|Any CPU.Build.0 = Release|Any CPU
	EndGlobalSection
	GlobalSection(SolutionProperties) = preSolution
		HideSolutionNode = FALSE
	EndGlobalSection
	GlobalSection(ExtensibilityGlobals) = postSolution
		SolutionGuid = {396DA803-DE86-4787-8AAE-D3F107E76E41}
	EndGlobalSection
EndGlobal
